
Microsoft Visual Studio Solution File, Format Version 12.00
# Visual Studio Version 16
VisualStudioVersion = 16.0.28803.202
MinimumVisualStudioVersion = 10.0.40219.1
Project("{FAE04EC0-301F-11D3-BF4B-00C04F79EFBC}") = "week03", "week03.csproj", "{6F47127D-A9CE-42BC-8454-894616BFD867}"
EndProject
Global
	GlobalSection(SolutionConfigurationPlatforms) = preSolution
		Debug|Any CPU = Debug|Any CPU
		Release|Any CPU = Release|Any CPU
	EndGlobalSection
	GlobalSection(ProjectConfigurationPlatforms) = postSolution
		{6F47127D-A9CE-42BC-8454-894616BFD867}.Debug|Any CPU.ActiveCfg = Debug|Any CPU
		{6F47127D-A9CE-42BC-8454-894616BFD867}.Debug|Any CPU.Build.0 = Debug|Any CPU
		{6F47127D-A9CE-42BC-8454-894616BFD867}.Release|Any CPU.ActiveCfg = Release|Any CPU
		{6F47127D-A9CE-42BC-8454-894616BFD867}.Release|Any CPU.Build.0 = Release|Any CPU
	EndGlobalSection
	GlobalSection(SolutionProperties) = preSolution
		HideSolutionNode = FALSE
	EndGlobalSection
	GlobalSection(ExtensibilityGlobals) = postSolution
		SolutionGuid = {256C5067-C55A-495E-93BE-8F49FF2A3E09}
	EndGlobalSection
EndGlobal
